
Microsoft Visual Studio Solution File, Format Version 12.00
# Visual Studio Version 16
VisualStudioVersion = 16.0.29230.47
MinimumVisualStudioVersion = 10.0.40219.1
Project("{8BC9CEB8-8B4A-11D0-8D11-00A0C91BC942}") = "ConsoleApplication2", "ConsoleApplication2.vcxproj", "{05FC5708-7A6F-4C66-9E40-75F7EC035B0B}"
EndProject
Global
	GlobalSection(SolutionConfigurationPlatforms) = preSolution
		Debug|x64 = Debug|x64
		Debug|x86 = Debug|x86
		Release|x64 = Release|x64
		Release|x86 = Release|x86
	EndGlobalSection
	GlobalSection(ProjectConfigurationPlatforms) = postSolution
		{05FC5708-7A6F-4C66-9E40-75F7EC035B0B}.Debug|x64.ActiveCfg = Debug|x64
		{05FC5708-7A6F-4C66-9E40-75F7EC035B0B}.Debug|x64.Build.0 = Debug|x64
		{05FC5708-7A6F-4C66-9E40-75F7EC035B0B}.Debug|x86.ActiveCfg = Debug|Win32
		{05FC5708-7A6F-4C66-9E40-75F7EC035B0B}.Debug|x86.Build.0 = Debug|Win32
		{05FC5708-7A6F-4C66-9E40-75F7EC035B0B}.Release|x64.ActiveCfg = Release|x64
		{05FC5708-7A6F-4C66-9E40-75F7EC035B0B}.Release|x64.Build.0 = Release|x64
		{05FC5708-7A6F-4C66-9E40-75F7EC035B0B}.Release|x86.ActiveCfg = Release|Win32
		{05FC5708-7A6F-4C66-9E40-75F7EC035B0B}.Release|x86.Build.0 = Release|Win32
	EndGlobalSection
	GlobalSection(SolutionProperties) = preSolution
		HideSolutionNode = FALSE
	EndGlobalSection
	GlobalSection(ExtensibilityGlobals) = postSolution
		SolutionGuid = {3FA4DE51-1A30-46F0-9E05-22FCCB31067C}
	EndGlobalSection
EndGlobal
